// !$*UTF8*$!
{
	archiveVersion = 1;
	classes = {
	};
	objectVersion = 110;
	objects = {

/* Begin PBXContainerItemProxy section */
		CA2951FC3046D7C000E243B1 /* PBXContainerItemProxy */ = {
			isa = PBXContainerItemProxy;
			containerPortal = CA2951E43046D7BE00E243B1 /* Project object */;
			proxyType = 1;
			remoteGlobalIDString = CA2951EB3046D7BE00E243B1;
			remoteInfo = Trance;
		};
		CA2952063046D7C000E243B1 /* PBXContainerItemProxy */ = {
			isa = PBXContainerItemProxy;
			containerPortal = CA2951E43046D7BE00E243B1 /* Project object */;
			proxyType = 1;
			remoteGlobalIDString = CA2951EB3046D7BE00E243B1;
			remoteInfo = Trance;
		};
/* End PBXContainerItemProxy section */

/* Begin PBXFileReference section */
		CA2951EC3046D7BE00E243B1 /* Trance.app */ = {isa = PBXFileReference; explicitFileType = wrapper.application; includeInIndex = 0; path = Trance.app; sourceTree = BUILT_PRODUCTS_DIR; };
		CA2951FB3046D7C000E243B1 /* TranceTests.xctest */ = {isa = PBXFileReference; explicitFileType = wrapper.cfbundle; includeInIndex = 0; path = TranceTests.xctest; sourceTree = BUILT_PRODUCTS_DIR; };
		CA2952053046D7C000E243B1 /* TranceUITests.xctest */ = {isa = PBXFileReference; explicitFileType = wrapper.cfbundle; includeInIndex = 0; path = TranceUITests.xctest; sourceTree = BUILT_PRODUCTS_DIR; };
/* End PBXFileReference section */

/* Begin PBXFileSystemSynchronizedRootGroup section */
		CA2951EE3046D7BE00E243B1 /* Trance */ = {
			isa = PBXFileSystemSynchronizedRootGroup;
			path = Trance;
			sourceTree = "<group>";
		};
		CA2951FE3046D7C000E243B1 /* TranceTests */ = {
			isa = PBXFileSystemSynchronizedRootGroup;
			path = TranceTests;
			sourceTree = "<group>";
		};
		CA2952083046D7C000E243B1 /* TranceUITests */ = {
			isa = PBXFileSystemSynchronizedRootGroup;
			path = TranceUITests;
			sourceTree = "<group>";
		};
/* End PBXFileSystemSynchronizedRootGroup section */

/* Begin PBXFrameworksBuildPhase section */
		CA2951E93046D7BE00E243B1 /* Frameworks */ = {
			isa = PBXFrameworksBuildPhase;
			files = (
			);
		};
		CA2951F83046D7C000E243B1 /* Frameworks */ = {
			isa = PBXFrameworksBuildPhase;
			files = (
			);
		};
		CA2952023046D7C000E243B1 /* Frameworks */ = {
			isa = PBXFrameworksBuildPhase;
			files = (
			);
		};
/* End PBXFrameworksBuildPhase section */

/* Begin PBXGroup section */
		CA2951E33046D7BE00E243B1 = {
			isa = PBXGroup;
			children = (
				CA2951EE3046D7BE00E243B1 /* Trance */,
				CA2951FE3046D7C000E243B1 /* TranceTests */,
				CA2952083046D7C000E243B1 /* TranceUITests */,
				CA2951ED3046D7BE00E243B1 /* Products */,
			);
			sourceTree = "<group>";
		};
		CA2951ED3046D7BE00E243B1 /* Products */ = {
			isa = PBXGroup;
			children = (
				CA2951EC3046D7BE00E243B1 /* Trance.app */,
				CA2951FB3046D7C000E243B1 /* TranceTests.xctest */,
				CA2952053046D7C000E243B1 /* TranceUITests.xctest */,
			);
			name = Products;
			sourceTree = "<group>";
		};
/* End PBXGroup section */

/* Begin PBXNativeTarget section */
		CA2951EB3046D7BE00E243B1 /* Trance */ = {
			isa = PBXNativeTarget;
			buildConfigurationList = CA29520D3046D7C000E243B1 /* Build configuration list for PBXNativeTarget "Trance" */;
			buildPhases = (
				CA2951E83046D7BE00E243B1 /* Sources */,
				CA2951E93046D7BE00E243B1 /* Frameworks */,
				CA2951EA3046D7BE00E243B1 /* Resources */,
			);
			buildRules = (
			);
			fileSystemSynchronizedGroups = (
				CA2951EE3046D7BE00E243B1 /* Trance */,
			);
			name = Trance;
			productName = Trance;
			productReference = CA2951EC3046D7BE00E243B1 /* Trance.app */;
			productType = "com.apple.product-type.application";
		};
		CA2951FA3046D7C000E243B1 /* TranceTests */ = {
			isa = PBXNativeTarget;
			buildConfigurationList = CA2952103046D7C000E243B1 /* Build configuration list for PBXNativeTarget "TranceTests" */;
			buildPhases = (
				CA2951F73046D7C000E243B1 /* Sources */,
				CA2951F83046D7C000E243B1 /* Frameworks */,
				CA2951F93046D7C000E243B1 /* Resources */,
			);
			buildRules = (
			);
			dependencies = (
				CA2951FD3046D7C000E243B1 /* PBXTargetDependency */,
			);
			fileSystemSynchronizedGroups = (
				CA2951FE3046D7C000E243B1 /* TranceTests */,
			);
			name = TranceTests;
			productName = TranceTests;
			productReference = CA2951FB3046D7C000E243B1 /* TranceTests.xctest */;
			productType = "com.apple.product-type.bundle.unit-test";
		};
		CA2952043046D7C000E243B1 /* TranceUITests */ = {
			isa = PBXNativeTarget;
			buildConfigurationList = CA2952133046D7C000E243B1 /* Build configuration list for PBXNativeTarget "TranceUITests" */;
			buildPhases = (
				CA2952013046D7C000E243B1 /* Sources */,
				CA2952023046D7C000E243B1 /* Frameworks */,
				CA2952033046D7C000E243B1 /* Resources */,
			);
			buildRules = (
			);
			dependencies = (
				CA2952073046D7C000E243B1 /* PBXTargetDependency */,
			);
			fileSystemSynchronizedGroups = (
				CA2952083046D7C000E243B1 /* TranceUITests */,
			);
			name = TranceUITests;
			productName = TranceUITests;
			productReference = CA2952053046D7C000E243B1 /* TranceUITests.xctest */;
			productType = "com.apple.product-type.bundle.ui-testing";
		};
/* End PBXNativeTarget section */

/* Begin PBXProject section */
		CA2951E43046D7BE00E243B1 /* Project object */ = {
			isa = PBXProject;
			attributes = {
				BuildIndependentTargetsInParallel = 1;
				LastSwiftUpdateCheck = 2700;
				LastUpgradeCheck = 2700;
				TargetAttributes = {
					CA2951EB3046D7BE00E243B1 = {
						CreatedOnToolsVersion = 27.0;
					};
					CA2951FA3046D7C000E243B1 = {
						CreatedOnToolsVersion = 27.0;
						TestTargetID = CA2951EB3046D7BE00E243B1;
					};
					CA2952043046D7C000E243B1 = {
						CreatedOnToolsVersion = 27.0;
						TestTargetID = CA2951EB3046D7BE00E243B1;
					};
				};
			};
			buildConfigurationList = CA2951E73046D7BE00E243B1 /* Build configuration list for PBXProject "Trance" */;
			developmentRegion = en;
			hasScannedForEncodings = 0;
			knownRegions = (
				en,
				Base,
			);
			mainGroup = CA2951E33046D7BE00E243B1;
			minimizedProjectReferenceProxies = 1;
			packageReferences = (
				CABE999B3066954B007B7B71 /* XCRemoteSwiftPackageReference "figma-preview" */,
			);
			preferredProjectObjectVersion = 77;
			productRefGroup = CA2951ED3046D7BE00E243B1 /* Products */;
			projectDirPath = "";
			projectRoot = "";
			targets = (
				CA2951EB3046D7BE00E243B1 /* Trance */,
				CA2951FA3046D7C000E243B1 /* TranceTests */,
				CA2952043046D7C000E243B1 /* TranceUITests */,
			);
		};
/* End PBXProject section */

/* Begin PBXResourcesBuildPhase section */
		CA2951EA3046D7BE00E243B1 /* Resources */ = {
			isa = PBXResourcesBuildPhase;
			files = (
			);
		};
		CA2951F93046D7C000E243B1 /* Resources */ = {
			isa = PBXResourcesBuildPhase;
			files = (
			);
		};
		CA2952033046D7C000E243B1 /* Resources */ = {
			isa = PBXResourcesBuildPhase;
			files = (
			);
		};
/* End PBXResourcesBuildPhase section */

/* Begin PBXSourcesBuildPhase section */
		CA2951E83046D7BE00E243B1 /* Sources */ = {
			isa = PBXSourcesBuildPhase;
			files = (
			);
		};
		CA2951F73046D7C000E243B1 /* Sources */ = {
			isa = PBXSourcesBuildPhase;
			files = (
			);
		};
		CA2952013046D7C000E243B1 /* Sources */ = {
			isa = PBXSourcesBuildPhase;
			files = (
			);
		};
/* End PBXSourcesBuildPhase section */

/* Begin PBXTargetDependency section */
		CA2951FD3046D7C000E243B1 /* PBXTargetDependency */ = {
			isa = PBXTargetDependency;
			target = CA2951EB3046D7BE00E243B1 /* Trance */;
			targetProxy = CA2951FC3046D7C000E243B1 /* PBXContainerItemProxy */;
		};
		CA2952073046D7C000E243B1 /* PBXTargetDependency */ = {
			isa = PBXTargetDependency;
			target = CA2951EB3046D7BE00E243B1 /* Trance */;
			targetProxy = CA2952063046D7C000E243B1 /* PBXContainerItemProxy */;
		};
/* End PBXTargetDependency section */

/* Begin XCBuildConfiguration section */
		CA29520B3046D7C000E243B1 /* Debug configuration for PBXProject "Trance" */ = {
			isa = XCBuildConfiguration;
			buildSettings = {
				ALWAYS_SEARCH_USER_PATHS = NO;
				ASSETCATALOG_COMPILER_GENERATE_SWIFT_ASSET_SYMBOL_EXTENSIONS = YES;
				CLANG_ANALYZER_NONNULL = YES;
				CLANG_ANALYZER_NUMBER_OBJECT_CONVERSION = YES_AGGRESSIVE;
				CLANG_CXX_LANGUAGE_STANDARD = "gnu++20";
				CLANG_ENABLE_MODULES = YES;
				CLANG_ENABLE_OBJC_ARC = YES;
				CLANG_ENABLE_OBJC_WEAK = YES;
				CLANG_WARN_BLOCK_CAPTURE_AUTORELEASING = YES;
				CLANG_WARN_BOOL_CONVERSION = YES;
				CLANG_WARN_COMMA = YES;
				CLANG_WARN_CONSTANT_CONVERSION = YES;
				CLANG_WARN_DEPRECATED_OBJC_IMPLEMENTATIONS = YES;
				CLANG_WARN_DIRECT_OBJC_ISA_USAGE = YES_ERROR;
				CLANG_WARN_DOCUMENTATION_COMMENTS = YES;
				CLANG_WARN_EMPTY_BODY = YES;
				CLANG_WARN_ENUM_CONVERSION = YES;
				CLANG_WARN_INFINITE_RECURSION = YES;
				CLANG_WARN_INT_CONVERSION = YES;
				CLANG_WARN_NON_LITERAL_NULL_CONVERSION = YES;
				CLANG_WARN_OBJC_IMPLICIT_RETAIN_SELF = YES;
				CLANG_WARN_OBJC_LITERAL_CONVERSION = YES;
				CLANG_WARN_OBJC_ROOT_CLASS = YES_ERROR;
				CLANG_WARN_QUOTED_INCLUDE_IN_FRAMEWORK_HEADER = YES;
				CLANG_WARN_RANGE_LOOP_ANALYSIS = YES;
				CLANG_WARN_STRICT_PROTOTYPES = YES;
				CLANG_WARN_SUSPICIOUS_MOVE = YES;
				CLANG_WARN_UNGUARDED_AVAILABILITY = YES_AGGRESSIVE;
				CLANG_WARN_UNREACHABLE_CODE = YES;
				CLANG_WARN__DUPLICATE_METHOD_MATCH = YES;
				COPY_PHASE_STRIP = NO;
				DEBUG_INFORMATION_FORMAT = dwarf;
				DEVELOPMENT_TEAM = F2F76QVQYS;
				ENABLE_STRICT_OBJC_MSGSEND = YES;
				ENABLE_TESTABILITY = YES;
				ENABLE_USER_SCRIPT_SANDBOXING = YES;
				GCC_C_LANGUAGE_STANDARD = gnu17;
				GCC_DYNAMIC_NO_PIC = NO;
				GCC_NO_COMMON_BLOCKS = YES;
				GCC_OPTIMIZATION_LEVEL = 0;
				GCC_PREPROCESSOR_DEFINITIONS = (
					"DEBUG=1",
					"$(inherited)",
				);
				GCC_WARN_64_TO_32_BIT_CONVERSION = YES;
				GCC_WARN_ABOUT_RETURN_TYPE = YES_ERROR;
				GCC_WARN_UNDECLARED_SELECTOR = YES;
				GCC_WARN_UNINITIALIZED_AUTOS = YES_AGGRESSIVE;
				GCC_WARN_UNUSED_FUNCTION = YES;
				GCC_WARN_UNUSED_VARIABLE = YES;
				LOCALIZATION_PREFERS_STRING_CATALOGS = YES;
				MTL_ENABLE_DEBUG_INFO = INCLUDE_SOURCE;
				MTL_FAST_MATH = YES;
				ONLY_ACTIVE_ARCH = YES;
				SWIFT_ACTIVE_COMPILATION_CONDITIONS = "DEBUG $(inherited)";
				SWIFT_OBJC_INTEROP_MODE = objcxx;
				SWIFT_OPTIMIZATION_LEVEL = "-Onone";
			};
			name = Debug;
		};
		CA29520C3046D7C000E243B1 /* Release configuration for PBXProject "Trance" */ = {
			isa = XCBuildConfiguration;
			buildSettings = {
				ALWAYS_SEARCH_USER_PATHS = NO;
				ASSETCATALOG_COMPILER_GENERATE_SWIFT_ASSET_SYMBOL_EXTENSIONS = YES;
				CLANG_ANALYZER_NONNULL = YES;
				CLANG_ANALYZER_NUMBER_OBJECT_CONVERSION = YES_AGGRESSIVE;
				CLANG_CXX_LANGUAGE_STANDARD = "gnu++20";
				CLANG_ENABLE_MODULES = YES;
				CLANG_ENABLE_OBJC_ARC = YES;
				CLANG_ENABLE_OBJC_WEAK = YES;
				CLANG_WARN_BLOCK_CAPTURE_AUTORELEASING = YES;
				CLANG_WARN_BOOL_CONVERSION = YES;
				CLANG_WARN_COMMA = YES;
				CLANG_WARN_CONSTANT_CONVERSION = YES;
				CLANG_WARN_DEPRECATED_OBJC_IMPLEMENTATIONS = YES;
				CLANG_WARN_DIRECT_OBJC_ISA_USAGE = YES_ERROR;
				CLANG_WARN_DOCUMENTATION_COMMENTS = YES;
				CLANG_WARN_EMPTY_BODY = YES;
				CLANG_WARN_ENUM_CONVERSION = YES;
				CLANG_WARN_INFINITE_RECURSION = YES;
				CLANG_WARN_INT_CONVERSION = YES;
				CLANG_WARN_NON_LITERAL_NULL_CONVERSION = YES;
				CLANG_WARN_OBJC_IMPLICIT_RETAIN_SELF = YES;
				CLANG_WARN_OBJC_LITERAL_CONVERSION = YES;
				CLANG_WARN_OBJC_ROOT_CLASS = YES_ERROR;
				CLANG_WARN_QUOTED_INCLUDE_IN_FRAMEWORK_HEADER = YES;
				CLANG_WARN_RANGE_LOOP_ANALYSIS = YES;
				CLANG_WARN_STRICT_PROTOTYPES = YES;
				CLANG_WARN_SUSPICIOUS_MOVE = YES;
				CLANG_WARN_UNGUARDED_AVAILABILITY = YES_AGGRESSIVE;
				CLANG_WARN_UNREACHABLE_CODE = YES;
				CLANG_WARN__DUPLICATE_METHOD_MATCH = YES;
				COPY_PHASE_STRIP = NO;
				DEBUG_INFORMATION_FORMAT = "dwarf-with-dsym";
				DEVELOPMENT_TEAM = F2F76QVQYS;
				ENABLE_NS_ASSERTIONS = NO;
				ENABLE_STRICT_OBJC_MSGSEND = YES;
				ENABLE_USER_SCRIPT_SANDBOXING = YES;
				GCC_C_LANGUAGE_STANDARD = gnu17;
				GCC_NO_COMMON_BLOCKS = YES;
				GCC_WARN_64_TO_32_BIT_CONVERSION = YES;
				GCC_WARN_ABOUT_RETURN_TYPE = YES_ERROR;
				GCC_WARN_UNDECLARED_SELECTOR = YES;
				GCC_WARN_UNINITIALIZED_AUTOS = YES_AGGRESSIVE;
				GCC_WARN_UNUSED_FUNCTION = YES;
				GCC_WARN_UNUSED_VARIABLE = YES;
				LOCALIZATION_PREFERS_STRING_CATALOGS = YES;
				MTL_ENABLE_DEBUG_INFO = NO;
				MTL_FAST_MATH = YES;
				SWIFT_COMPILATION_MODE = wholemodule;
				SWIFT_OBJC_INTEROP_MODE = objcxx;
			};
			name = Release;
		};
		CA29520E3046D7C000E243B1 /* Debug configuration for PBXNativeTarget "Trance" */ = {
			isa = XCBuildConfiguration;
			buildSettings = {
				ASSETCATALOG_COMPILER_APPICON_NAME = AppIcon;
				ASSETCATALOG_COMPILER_GLOBAL_ACCENT_COLOR_NAME = AccentColor;
				"CODE_SIGN_ENTITLEMENTS[sdk=iphoneos*]" = Sensors.entitlements;
				"CODE_SIGN_ENTITLEMENTS[sdk=iphonesimulator*]" = Sensors.entitlements;
				CODE_SIGN_STYLE = Automatic;
				CURRENT_PROJECT_VERSION = 1;
				DEVELOPMENT_TEAM = F2F76QVQYS;
				ENABLE_APP_SANDBOX = YES;
				ENABLE_HARDENED_RUNTIME = YES;
				ENABLE_PREVIEWS = YES;
				ENABLE_USER_SELECTED_FILES = readonly;
				GENERATE_INFOPLIST_FILE = YES;
				INFOPLIST_KEY_NSCameraUsageDescription = "Trance reads eye direction, eyelid closure and head movement.";
				INFOPLIST_KEY_NSHealthShareUsageDescription = "Trance reads your pulse for the current session.";
				"INFOPLIST_KEY_UIApplicationSceneManifest_Generation[sdk=iphoneos*]" = YES;
				"INFOPLIST_KEY_UIApplicationSceneManifest_Generation[sdk=iphonesimulator*]" = YES;
				"INFOPLIST_KEY_UIApplicationSupportsIndirectInputEvents[sdk=iphoneos*]" = YES;
				"INFOPLIST_KEY_UIApplicationSupportsIndirectInputEvents[sdk=iphonesimulator*]" = YES;
				"INFOPLIST_KEY_UILaunchScreen_Generation[sdk=iphoneos*]" = YES;
				"INFOPLIST_KEY_UILaunchScreen_Generation[sdk=iphonesimulator*]" = YES;
				"INFOPLIST_KEY_UIStatusBarStyle[sdk=iphoneos*]" = UIStatusBarStyleDefault;
				"INFOPLIST_KEY_UIStatusBarStyle[sdk=iphonesimulator*]" = UIStatusBarStyleDefault;
				INFOPLIST_KEY_UISupportedInterfaceOrientations_iPad = "UIInterfaceOrientationPortrait UIInterfaceOrientationPortraitUpsideDown UIInterfaceOrientationLandscapeLeft UIInterfaceOrientationLandscapeRight";
				INFOPLIST_KEY_UISupportedInterfaceOrientations_iPhone = "UIInterfaceOrientationPortrait UIInterfaceOrientationLandscapeLeft UIInterfaceOrientationLandscapeRight";
				IPHONEOS_DEPLOYMENT_TARGET = 27.0;
				LD_RUNPATH_SEARCH_PATHS = "@executable_path/Frameworks";
				"LD_RUNPATH_SEARCH_PATHS[sdk=macosx*]" = "@executable_path/../Frameworks";
				MACOSX_DEPLOYMENT_TARGET = 27.0;
				MARKETING_VERSION = 1.0;
				PRODUCT_BUNDLE_IDENTIFIER = com.Chresten.Trance;
				PRODUCT_NAME = "$(TARGET_NAME)";
				REGISTER_APP_GROUPS = YES;
				SDKROOT = auto;
				STRING_CATALOG_GENERATE_SYMBOLS = YES;
				SUPPORTED_PLATFORMS = "iphoneos iphonesimulator macosx xros xrsimulator";
				SWIFT_APPROACHABLE_CONCURRENCY = YES;
				SWIFT_DEFAULT_ACTOR_ISOLATION = MainActor;
				SWIFT_EMIT_LOC_STRINGS = YES;
				SWIFT_OBJC_BRIDGING_HEADER = Trance/Sensors/SensorData.hpp;
				SWIFT_OBJC_INTERFACE_HEADER_NAME = "Trance-Swift.h";
				SWIFT_UPCOMING_FEATURE_MEMBER_IMPORT_VISIBILITY = YES;
				SWIFT_VERSION = 5.0;
				TARGETED_DEVICE_FAMILY = "1,2,7";
				XROS_DEPLOYMENT_TARGET = 27.0;
			};
			name = Debug;
		};
		CA29520F3046D7C000E243B1 /* Release configuration for PBXNativeTarget "Trance" */ = {
			isa = XCBuildConfiguration;
			buildSettings = {
				ASSETCATALOG_COMPILER_APPICON_NAME = AppIcon;
				ASSETCATALOG_COMPILER_GLOBAL_ACCENT_COLOR_NAME = AccentColor;
				"CODE_SIGN_ENTITLEMENTS[sdk=iphoneos*]" = Sensors.entitlements;
				"CODE_SIGN_ENTITLEMENTS[sdk=iphonesimulator*]" = Sensors.entitlements;
				CODE_SIGN_STYLE = Automatic;
				CURRENT_PROJECT_VERSION = 1;
				DEVELOPMENT_TEAM = F2F76QVQYS;
				ENABLE_APP_SANDBOX = YES;
				ENABLE_HARDENED_RUNTIME = YES;
				ENABLE_PREVIEWS = YES;
				ENABLE_USER_SELECTED_FILES = readonly;
				GENERATE_INFOPLIST_FILE = YES;
				INFOPLIST_KEY_NSCameraUsageDescription = "Trance reads eye direction, eyelid closure and head movement.";
				INFOPLIST_KEY_NSHealthShareUsageDescription = "Trance reads your pulse for the current session.";
				"INFOPLIST_KEY_UIApplicationSceneManifest_Generation[sdk=iphoneos*]" = YES;
				"INFOPLIST_KEY_UIApplicationSceneManifest_Generation[sdk=iphonesimulator*]" = YES;
				"INFOPLIST_KEY_UIApplicationSupportsIndirectInputEvents[sdk=iphoneos*]" = YES;
				"INFOPLIST_KEY_UIApplicationSupportsIndirectInputEvents[sdk=iphonesimulator*]" = YES;
				"INFOPLIST_KEY_UILaunchScreen_Generation[sdk=iphoneos*]" = YES;
				"INFOPLIST_KEY_UILaunchScreen_Generation[sdk=iphonesimulator*]" = YES;
				"INFOPLIST_KEY_UIStatusBarStyle[sdk=iphoneos*]" = UIStatusBarStyleDefault;
				"INFOPLIST_KEY_UIStatusBarStyle[sdk=iphonesimulator*]" = UIStatusBarStyleDefault;
				INFOPLIST_KEY_UISupportedInterfaceOrientations_iPad = "UIInterfaceOrientationPortrait UIInterfaceOrientationPortraitUpsideDown UIInterfaceOrientationLandscapeLeft UIInterfaceOrientationLandscapeRight";
				INFOPLIST_KEY_UISupportedInterfaceOrientations_iPhone = "UIInterfaceOrientationPortrait UIInterfaceOrientationLandscapeLeft UIInterfaceOrientationLandscapeRight";
				IPHONEOS_DEPLOYMENT_TARGET = 27.0;
				LD_RUNPATH_SEARCH_PATHS = "@executable_path/Frameworks";
				"LD_RUNPATH_SEARCH_PATHS[sdk=macosx*]" = "@executable_path/../Frameworks";
				MACOSX_DEPLOYMENT_TARGET = 27.0;
				MARKETING_VERSION = 1.0;
				PRODUCT_BUNDLE_IDENTIFIER = com.Chresten.Trance;
				PRODUCT_NAME = "$(TARGET_NAME)";
				REGISTER_APP_GROUPS = YES;
				SDKROOT = auto;
				STRING_CATALOG_GENERATE_SYMBOLS = YES;
				SUPPORTED_PLATFORMS = "iphoneos iphonesimulator macosx xros xrsimulator";
				SWIFT_APPROACHABLE_CONCURRENCY = YES;
				SWIFT_DEFAULT_ACTOR_ISOLATION = MainActor;
				SWIFT_EMIT_LOC_STRINGS = YES;
				SWIFT_OBJC_BRIDGING_HEADER = Trance/Sensors/SensorData.hpp;
				SWIFT_OBJC_INTERFACE_HEADER_NAME = "Trance-Swift.h";
				SWIFT_UPCOMING_FEATURE_MEMBER_IMPORT_VISIBILITY = YES;
				SWIFT_VERSION = 5.0;
				TARGETED_DEVICE_FAMILY = "1,2,7";
				XROS_DEPLOYMENT_TARGET = 27.0;
			};
			name = Release;
		};
		CA2952113046D7C000E243B1 /* Debug configuration for PBXNativeTarget "TranceTests" */ = {
			isa = XCBuildConfiguration;
			buildSettings = {
				BUNDLE_LOADER = "$(TEST_HOST)";
				CODE_SIGN_STYLE = Automatic;
				CURRENT_PROJECT_VERSION = 1;
				DEVELOPMENT_TEAM = F2F76QVQYS;
				GENERATE_INFOPLIST_FILE = YES;
				IPHONEOS_DEPLOYMENT_TARGET = 27.0;
				MACOSX_DEPLOYMENT_TARGET = 27.0;
				MARKETING_VERSION = 1.0;
				PRODUCT_BUNDLE_IDENTIFIER = com.Chresten.TranceTests;
				PRODUCT_NAME = "$(TARGET_NAME)";
				SDKROOT = auto;
				STRING_CATALOG_GENERATE_SYMBOLS = NO;
				SUPPORTED_PLATFORMS = "iphoneos iphonesimulator macosx xros xrsimulator";
				SWIFT_APPROACHABLE_CONCURRENCY = YES;
				SWIFT_EMIT_LOC_STRINGS = NO;
				SWIFT_UPCOMING_FEATURE_MEMBER_IMPORT_VISIBILITY = YES;
				SWIFT_VERSION = 5.0;
				TARGETED_DEVICE_FAMILY = "1,2,7";
				TEST_HOST = "$(BUILT_PRODUCTS_DIR)/Trance.app/$(BUNDLE_EXECUTABLE_FOLDER_PATH)/Trance";
				XROS_DEPLOYMENT_TARGET = 27.0;
			};
			name = Debug;
		};
		CA2952123046D7C000E243B1 /* Release configuration for PBXNativeTarget "TranceTests" */ = {
			isa = XCBuildConfiguration;
			buildSettings = {
				BUNDLE_LOADER = "$(TEST_HOST)";
				CODE_SIGN_STYLE = Automatic;
				CURRENT_PROJECT_VERSION = 1;
				DEVELOPMENT_TEAM = F2F76QVQYS;
				GENERATE_INFOPLIST_FILE = YES;
				IPHONEOS_DEPLOYMENT_TARGET = 27.0;
				MACOSX_DEPLOYMENT_TARGET = 27.0;
				MARKETING_VERSION = 1.0;
				PRODUCT_BUNDLE_IDENTIFIER = com.Chresten.TranceTests;
				PRODUCT_NAME = "$(TARGET_NAME)";
				SDKROOT = auto;
				STRING_CATALOG_GENERATE_SYMBOLS = NO;
				SUPPORTED_PLATFORMS = "iphoneos iphonesimulator macosx xros xrsimulator";
				SWIFT_APPROACHABLE_CONCURRENCY = YES;
				SWIFT_EMIT_LOC_STRINGS = NO;
				SWIFT_UPCOMING_FEATURE_MEMBER_IMPORT_VISIBILITY = YES;
				SWIFT_VERSION = 5.0;
				TARGETED_DEVICE_FAMILY = "1,2,7";
				TEST_HOST = "$(BUILT_PRODUCTS_DIR)/Trance.app/$(BUNDLE_EXECUTABLE_FOLDER_PATH)/Trance";
				XROS_DEPLOYMENT_TARGET = 27.0;
			};
			name = Release;
		};
		CA2952143046D7C000E243B1 /* Debug configuration for PBXNativeTarget "TranceUITests" */ = {
			isa = XCBuildConfiguration;
			buildSettings = {
				CODE_SIGN_STYLE = Automatic;
				CURRENT_PROJECT_VERSION = 1;
				DEVELOPMENT_TEAM = F2F76QVQYS;
				GENERATE_INFOPLIST_FILE = YES;
				IPHONEOS_DEPLOYMENT_TARGET = 27.0;
				MACOSX_DEPLOYMENT_TARGET = 27.0;
				MARKETING_VERSION = 1.0;
				PRODUCT_BUNDLE_IDENTIFIER = com.Chresten.TranceUITests;
				PRODUCT_NAME = "$(TARGET_NAME)";
				SDKROOT = auto;
				STRING_CATALOG_GENERATE_SYMBOLS = NO;
				SUPPORTED_PLATFORMS = "iphoneos iphonesimulator macosx xros xrsimulator";
				SWIFT_APPROACHABLE_CONCURRENCY = YES;
				SWIFT_EMIT_LOC_STRINGS = NO;
				SWIFT_UPCOMING_FEATURE_MEMBER_IMPORT_VISIBILITY = YES;
				SWIFT_VERSION = 5.0;
				TARGETED_DEVICE_FAMILY = "1,2,7";
				TEST_TARGET_NAME = Trance;
				XROS_DEPLOYMENT_TARGET = 27.0;
			};
			name = Debug;
		};
		CA2952153046D7C000E243B1 /* Release configuration for PBXNativeTarget "TranceUITests" */ = {
			isa = XCBuildConfiguration;
			buildSettings = {
				CODE_SIGN_STYLE = Automatic;
				CURRENT_PROJECT_VERSION = 1;
				DEVELOPMENT_TEAM = F2F76QVQYS;
				GENERATE_INFOPLIST_FILE = YES;
				IPHONEOS_DEPLOYMENT_TARGET = 27.0;
				MACOSX_DEPLOYMENT_TARGET = 27.0;
				MARKETING_VERSION = 1.0;
				PRODUCT_BUNDLE_IDENTIFIER = com.Chresten.TranceUITests;
				PRODUCT_NAME = "$(TARGET_NAME)";
				SDKROOT = auto;
				STRING_CATALOG_GENERATE_SYMBOLS = NO;
				SUPPORTED_PLATFORMS = "iphoneos iphonesimulator macosx xros xrsimulator";
				SWIFT_APPROACHABLE_CONCURRENCY = YES;
				SWIFT_EMIT_LOC_STRINGS = NO;
				SWIFT_UPCOMING_FEATURE_MEMBER_IMPORT_VISIBILITY = YES;
				SWIFT_VERSION = 5.0;
				TARGETED_DEVICE_FAMILY = "1,2,7";
				TEST_TARGET_NAME = Trance;
				XROS_DEPLOYMENT_TARGET = 27.0;
			};
			name = Release;
		};
/* End XCBuildConfiguration section */

/* Begin XCConfigurationList section */
		CA2951E73046D7BE00E243B1 /* Build configuration list for PBXProject "Trance" */ = {
			isa = XCConfigurationList;
			buildConfigurations = (
				CA29520B3046D7C000E243B1 /* Debug configuration for PBXProject "Trance" */,
				CA29520C3046D7C000E243B1 /* Release configuration for PBXProject "Trance" */,
			);
			defaultConfigurationName = Release;
		};
		CA29520D3046D7C000E243B1 /* Build configuration list for PBXNativeTarget "Trance" */ = {
			isa = XCConfigurationList;
			buildConfigurations = (
				CA29520E3046D7C000E243B1 /* Debug configuration for PBXNativeTarget "Trance" */,
				CA29520F3046D7C000E243B1 /* Release configuration for PBXNativeTarget "Trance" */,
			);
			defaultConfigurationName = Release;
		};
		CA2952103046D7C000E243B1 /* Build configuration list for PBXNativeTarget "TranceTests" */ = {
			isa = XCConfigurationList;
			buildConfigurations = (
				CA2952113046D7C000E243B1 /* Debug configuration for PBXNativeTarget "TranceTests" */,
				CA2952123046D7C000E243B1 /* Release configuration for PBXNativeTarget "TranceTests" */,
			);
			defaultConfigurationName = Release;
		};
		CA2952133046D7C000E243B1 /* Build configuration list for PBXNativeTarget "TranceUITests" */ = {
			isa = XCConfigurationList;
			buildConfigurations = (
				CA2952143046D7C000E243B1 /* Debug configuration for PBXNativeTarget "TranceUITests" */,
				CA2952153046D7C000E243B1 /* Release configuration for PBXNativeTarget "TranceUITests" */,
			);
			defaultConfigurationName = Release;
		};
/* End XCConfigurationList section */

/* Begin XCRemoteSwiftPackageReference section */
		CABE999B3066954B007B7B71 /* XCRemoteSwiftPackageReference "figma-preview" */ = {
			isa = XCRemoteSwiftPackageReference;
			repositoryURL = "https://github.com/artemnovichkov/figma-preview.git";
			requirement = {
				kind = upToNextMajorVersion;
				minimumVersion = 0.2.0;
			};
		};
/* End XCRemoteSwiftPackageReference section */
	};
	rootObject = CA2951E43046D7BE00E243B1 /* Project object */;
	validationLevel = 1;
}
